# This file is automatically @generated by Cargo.
# It is not intended for manual editing.
version = 4

[[package]]
name = "assoc-determinism"
version = "0.0.0"

[[package]]
name = "assoc-model"
version = "0.0.0"

[[package]]
name = "assoc-posterior"
version = "0.0.0"

[[package]]
name = "assoc-solve"
version = "0.0.0"
dependencies = [
 "assoc-model",
]

[[package]]
name = "assoc-synth"
version = "0.0.0"

[[package]]
name = "spectro-adapters"
version = "0.0.0"

[[package]]
name = "spectro-answer"
version = "0.0.0"

[[package]]
name = "spectro-candidates"
version = "0.0.0"
dependencies = [
 "assoc-model",
]

[[package]]
name = "spectro-contract"
version = "0.0.0"

[[package]]
name = "spectro-null"
version = "0.0.0"

[[package]]
name = "spectro-objective"
version = "0.0.0"
dependencies = [
 "assoc-model",
]

[[package]]
name = "spectro-quantity"
version = "0.0.0"

[[package]]
name = "spectro-report"
version = "0.0.0"
